
Microsoft Visual Studio Solution File, Format Version 12.00
# Visual Studio Version 17
VisualStudioVersion = 17.4.33213.308
MinimumVisualStudioVersion = 10.0.40219.1
Project("{9A19103F-16F7-4668-BE54-9A1E7A4F7556}") = "Moukhlisse_Ghanmi_CheikhAhmed", "TahaMoukhlisse_AidaGhanmi_MohamedCheikhAhmed\Moukhlisse_Ghanmi_CheikhAhmed.csproj", "{48CED018-8DEE-49FF-9164-84133425A503}"
EndProject
Global
	GlobalSection(SolutionConfigurationPlatforms) = preSolution
		Debug|Any CPU = Debug|Any CPU
		Release|Any CPU = Release|Any CPU
	EndGlobalSection
	GlobalSection(ProjectConfigurationPlatforms) = postSolution
		{48CED018-8DEE-49FF-9164-84133425A503}.Debug|Any CPU.ActiveCfg = Debug|Any CPU
		{48CED018-8DEE-49FF-9164-84133425A503}.Debug|Any CPU.Build.0 = Debug|Any CPU
		{48CED018-8DEE-49FF-9164-84133425A503}.Release|Any CPU.ActiveCfg = Release|Any CPU
		{48CED018-8DEE-49FF-9164-84133425A503}.Release|Any CPU.Build.0 = Release|Any CPU
	EndGlobalSection
	GlobalSection(SolutionProperties) = preSolution
		HideSolutionNode = FALSE
	EndGlobalSection
	GlobalSection(ExtensibilityGlobals) = postSolution
		SolutionGuid = {3AB4823F-785C-4D9E-A631-20D4E375963C}
	EndGlobalSection
EndGlobal
